github.com/lattots/gonum v0.0.0-20260705224142-93474f0d5719 h1:XCise6xhjMQsg/hwWsK1ZRpT4g+q6W5iu+6xCFJ8gLY=
github.com/lattots/gonum v0.0.0-20260705224142-93474f0d5719/go.mod h1:bEv+phMmWirWH5ygkP1dXfCZV3qy742nGoaAuo6bQtU=
github.com/lattots/gonum v0.0.0-20260820205113-55b80693e0d0 h1:IsNi8X5Xuo3pvLyKjhYzcmS919H3qFXPQOz/5IhwVhM=
github.com/lattots/gonum v0.0.0-20260820205113-55b80693e0d0/go.mod h1:bEv+phMmWirWH5ygkP1dXfCZV3qy742nGoaAuo6bQtU=
